Microsoft Visual Studio Solution File, Format Version 12.00
# Visual Studio Version 17
VisualStudioVersion = 17.5.2.0
MinimumVisualStudioVersion = 10.0.40219.1
Project("{2150E333-8FDC-42A3-9474-1A3956D46DE8}") = "electron-attendance", "electron-attendance", "{8882221C-9F66-0BE4-EC51-377084EC9B46}"
EndProject
Project("{2150E333-8FDC-42A3-9474-1A3956D46DE8}") = "public", "public", "{6E32FA18-DF57-9DCD-2094-CAC0122D92F1}"
EndProject
Project("{2150E333-8FDC-42A3-9474-1A3956D46DE8}") = "sdk-csharp", "sdk-csharp", "{F36FB1F1-FC10-1FA7-832A-6C76F7509F95}"
EndProject
Project("{FAE04EC0-301F-11D3-BF4B-00C04F79EFBC}") = "MantraMatcher", "electron-attendance\public\sdk-csharp\MantraMatcher\MantraMatcher.csproj", "{0BE0B4A9-BF67-F926-4AFB-96D75D35B4E9}"
EndProject
Project("{2150E333-8FDC-42A3-9474-1A3956D46DE8}") = "node_modules", "node_modules", "{91FA7FCD-9479-D8DC-6F2F-EF01EE1212C6}"
EndProject
Project("{2150E333-8FDC-42A3-9474-1A3956D46DE8}") = ".pnpm", ".pnpm", "{0CD6D2D1-B753-EE38-FE5C-C5F95E2092A6}"
EndProject
Project("{2150E333-8FDC-42A3-9474-1A3956D46DE8}") = "edge-js@25.0.0", "edge-js@25.0.0", "{018C40C4-AB7C-2EB2-A74E-E13BE747EDA7}"
EndProject
Project("{2150E333-8FDC-42A3-9474-1A3956D46DE8}") = "node_modules", "node_modules", "{EBA9CBE2-8921-34F8-D7AE-CC3929660055}"
EndProject
Project("{2150E333-8FDC-42A3-9474-1A3956D46DE8}") = "edge-js", "edge-js", "{1253BB21-CDEE-2533-D2DD-DB611475DB0A}"
EndProject
Project("{2150E333-8FDC-42A3-9474-1A3956D46DE8}") = "lib", "lib", "{F7AD7A11-C276-2640-54D7-CAC68905D435}"
EndProject
Project("{FAE04EC0-301F-11D3-BF4B-00C04F79EFBC}") = "bootstrap", "electron-attendance\node_modules\.pnpm\edge-js@25.0.0\node_modules\edge-js\lib\bootstrap\bootstrap.csproj", "{18C83CA3-4EFA-8F31-7EA2-4B1BB58EF7F9}"
EndProject
Project("{2150E333-8FDC-42A3-9474-1A3956D46DE8}") = "src", "src", "{4E3218D6-8E74-0E40-5CFD-539E0AF84EF4}"
EndProject
Project("{2150E333-8FDC-42A3-9474-1A3956D46DE8}") = "double", "double", "{E86BD8F2-5FC0-22A5-B4D6-F9D3E1BCAED9}"
EndProject
Project("{FAE04EC0-301F-11D3-BF4B-00C04F79EFBC}") = "Edge.js", "electron-attendance\node_modules\.pnpm\edge-js@25.0.0\node_modules\edge-js\src\double\Edge.js\Edge.js.csproj", "{A5EBFD35-92CB-DE99-396D-44A6AA680F7E}"
EndProject
Global
	GlobalSection(SolutionConfigurationPlatforms) = preSolution
		Debug|Any CPU = Debug|Any CPU
		Release|Any CPU = Release|Any CPU
	EndGlobalSection
	GlobalSection(ProjectConfigurationPlatforms) = postSolution
		{0BE0B4A9-BF67-F926-4AFB-96D75D35B4E9}.Debug|Any CPU.ActiveCfg = Debug|Any CPU
		{0BE0B4A9-BF67-F926-4AFB-96D75D35B4E9}.Debug|Any CPU.Build.0 = Debug|Any CPU
		{0BE0B4A9-BF67-F926-4AFB-96D75D35B4E9}.Release|Any CPU.ActiveCfg = Release|Any CPU
		{0BE0B4A9-BF67-F926-4AFB-96D75D35B4E9}.Release|Any CPU.Build.0 = Release|Any CPU
		{18C83CA3-4EFA-8F31-7EA2-4B1BB58EF7F9}.Debug|Any CPU.ActiveCfg = Debug|Any CPU
		{18C83CA3-4EFA-8F31-7EA2-4B1BB58EF7F9}.Debug|Any CPU.Build.0 = Debug|Any CPU
		{18C83CA3-4EFA-8F31-7EA2-4B1BB58EF7F9}.Release|Any CPU.ActiveCfg = Release|Any CPU
		{18C83CA3-4EFA-8F31-7EA2-4B1BB58EF7F9}.Release|Any CPU.Build.0 = Release|Any CPU
		{A5EBFD35-92CB-DE99-396D-44A6AA680F7E}.Debug|Any CPU.ActiveCfg = Debug|Any CPU
		{A5EBFD35-92CB-DE99-396D-44A6AA680F7E}.Debug|Any CPU.Build.0 = Debug|Any CPU
		{A5EBFD35-92CB-DE99-396D-44A6AA680F7E}.Release|Any CPU.ActiveCfg = Release|Any CPU
		{A5EBFD35-92CB-DE99-396D-44A6AA680F7E}.Release|Any CPU.Build.0 = Release|Any CPU
	EndGlobalSection
	GlobalSection(SolutionProperties) = preSolution
		HideSolutionNode = FALSE
	EndGlobalSection
	GlobalSection(NestedProjects) = preSolution
		{6E32FA18-DF57-9DCD-2094-CAC0122D92F1} = {8882221C-9F66-0BE4-EC51-377084EC9B46}
		{F36FB1F1-FC10-1FA7-832A-6C76F7509F95} = {6E32FA18-DF57-9DCD-2094-CAC0122D92F1}
		{0BE0B4A9-BF67-F926-4AFB-96D75D35B4E9} = {F36FB1F1-FC10-1FA7-832A-6C76F7509F95}
		{91FA7FCD-9479-D8DC-6F2F-EF01EE1212C6} = {8882221C-9F66-0BE4-EC51-377084EC9B46}
		{0CD6D2D1-B753-EE38-FE5C-C5F95E2092A6} = {91FA7FCD-9479-D8DC-6F2F-EF01EE1212C6}
		{018C40C4-AB7C-2EB2-A74E-E13BE747EDA7} = {0CD6D2D1-B753-EE38-FE5C-C5F95E2092A6}
		{EBA9CBE2-8921-34F8-D7AE-CC3929660055} = {018C40C4-AB7C-2EB2-A74E-E13BE747EDA7}
		{1253BB21-CDEE-2533-D2DD-DB611475DB0A} = {EBA9CBE2-8921-34F8-D7AE-CC3929660055}
		{F7AD7A11-C276-2640-54D7-CAC68905D435} = {1253BB21-CDEE-2533-D2DD-DB611475DB0A}
		{18C83CA3-4EFA-8F31-7EA2-4B1BB58EF7F9} = {F7AD7A11-C276-2640-54D7-CAC68905D435}
		{4E3218D6-8E74-0E40-5CFD-539E0AF84EF4} = {1253BB21-CDEE-2533-D2DD-DB611475DB0A}
		{E86BD8F2-5FC0-22A5-B4D6-F9D3E1BCAED9} = {4E3218D6-8E74-0E40-5CFD-539E0AF84EF4}
		{A5EBFD35-92CB-DE99-396D-44A6AA680F7E} = {E86BD8F2-5FC0-22A5-B4D6-F9D3E1BCAED9}
	EndGlobalSection
	GlobalSection(ExtensibilityGlobals) = postSolution
		SolutionGuid = {F6DF0B55-1489-4A9D-9308-5E3E265B48C8}
	EndGlobalSection
EndGlobal
